
Microsoft Visual Studio Solution File, Format Version 12.00
# Visual Studio Version 17
VisualStudioVersion = 17.10.35122.118
MinimumVisualStudioVersion = 10.0.40219.1
Project("{9A19103F-16F7-4668-BE54-9A1E7A4F7556}") = "Clinic.Domain", "Clinic.Domain\Clinic.Domain.csproj", "{AFC4DBD8-D688-4F93-8148-0A357E37B34E}"
EndProject
Project("{9A19103F-16F7-4668-BE54-9A1E7A4F7556}") = "Clinic.Tests", "Clinic.Tests\Clinic.Tests.csproj", "{05332552-CB0B-4532-B7DC-693E44EE8F8B}"
EndProject
Project("{9A19103F-16F7-4668-BE54-9A1E7A4F7556}") = "Clinic.Infrastructure", "Clinic.Infrastructure\Clinic.Infrastructure.csproj", "{6A9C5857-D137-4CFB-9EDB-79C4EBD407FB}"
EndProject
Project("{9A19103F-16F7-4668-BE54-9A1E7A4F7556}") = "Clinic.Application", "Clinic.Application\Clinic.Application.csproj", "{8306D6C9-E9EF-4EB8-9A3B-FEA8EC619478}"
EndProject
Project("{9A19103F-16F7-4668-BE54-9A1E7A4F7556}") = "Clinic.Api", "Clinic.Api\Clinic.Api.csproj", "{28E41AE5-344F-4D6C-BC79-E164EBF27D84}"
EndProject
Project("{9A19103F-16F7-4668-BE54-9A1E7A4F7556}") = "Clinic.AppHost", "Clinic.AppHost\Clinic.AppHost.csproj", "{DF83FE48-1CD3-48E0-973C-FD4F22364434}"
EndProject
Project("{9A19103F-16F7-4668-BE54-9A1E7A4F7556}") = "Clinic.ServiceDefaults", "Clinic.ServiceDefaults\Clinic.ServiceDefaults.csproj", "{A22167ED-CC3E-456C-B0A3-1192BAF71B38}"
EndProject
Project("{9A19103F-16F7-4668-BE54-9A1E7A4F7556}") = "Clinic.DataGenerator", "Clinic.DataGenerator\Clinic.DataGenerator.csproj", "{65C1FA38-342E-4C5D-988D-F21A5B74E97E}"
EndProject
Project("{9A19103F-16F7-4668-BE54-9A1E7A4F7556}") = "Clinic.RabbitMq.Consumer", "Clinic.RabbitMq.Consumer\Clinic.RabbitMq.Consumer.csproj", "{8B03E3B8-FF0A-4908-880E-4D5AB2676182}"
EndProject
Project("{FAE04EC0-301F-11D3-BF4B-00C04F79EFBC}") = "Clinic.RabbitMq.Producer", "Clinic.RabbitMq.Producer\Clinic.RabbitMq.Producer.csproj", "{201B3F36-ED06-4D3F-B791-F19577B562A0}"
EndProject
Global
	GlobalSection(SolutionConfigurationPlatforms) = preSolution
		Debug|Any CPU = Debug|Any CPU
		Release|Any CPU = Release|Any CPU
	EndGlobalSection
	GlobalSection(ProjectConfigurationPlatforms) = postSolution
		{AFC4DBD8-D688-4F93-8148-0A357E37B34E}.Debug|Any CPU.ActiveCfg = Debug|Any CPU
		{AFC4DBD8-D688-4F93-8148-0A357E37B34E}.Debug|Any CPU.Build.0 = Debug|Any CPU
		{AFC4DBD8-D688-4F93-8148-0A357E37B34E}.Release|Any CPU.ActiveCfg = Release|Any CPU
		{AFC4DBD8-D688-4F93-8148-0A357E37B34E}.Release|Any CPU.Build.0 = Release|Any CPU
		{05332552-CB0B-4532-B7DC-693E44EE8F8B}.Debug|Any CPU.ActiveCfg = Debug|Any CPU
		{05332552-CB0B-4532-B7DC-693E44EE8F8B}.Debug|Any CPU.Build.0 = Debug|Any CPU
		{05332552-CB0B-4532-B7DC-693E44EE8F8B}.Release|Any CPU.ActiveCfg = Release|Any CPU
		{05332552-CB0B-4532-B7DC-693E44EE8F8B}.Release|Any CPU.Build.0 = Release|Any CPU
		{6A9C5857-D137-4CFB-9EDB-79C4EBD407FB}.Debug|Any CPU.ActiveCfg = Debug|Any CPU
		{6A9C5857-D137-4CFB-9EDB-79C4EBD407FB}.Debug|Any CPU.Build.0 = Debug|Any CPU
		{6A9C5857-D137-4CFB-9EDB-79C4EBD407FB}.Release|Any CPU.ActiveCfg = Release|Any CPU
		{6A9C5857-D137-4CFB-9EDB-79C4EBD407FB}.Release|Any CPU.Build.0 = Release|Any CPU
		{8306D6C9-E9EF-4EB8-9A3B-FEA8EC619478}.Debug|Any CPU.ActiveCfg = Debug|Any CPU
		{8306D6C9-E9EF-4EB8-9A3B-FEA8EC619478}.Debug|Any CPU.Build.0 = Debug|Any CPU
		{8306D6C9-E9EF-4EB8-9A3B-FEA8EC619478}.Release|Any CPU.ActiveCfg = Release|Any CPU
		{8306D6C9-E9EF-4EB8-9A3B-FEA8EC619478}.Release|Any CPU.Build.0 = Release|Any CPU
		{28E41AE5-344F-4D6C-BC79-E164EBF27D84}.Debug|Any CPU.ActiveCfg = Debug|Any CPU
		{28E41AE5-344F-4D6C-BC79-E164EBF27D84}.Debug|Any CPU.Build.0 = Debug|Any CPU
		{28E41AE5-344F-4D6C-BC79-E164EBF27D84}.Release|Any CPU.ActiveCfg = Release|Any CPU
		{28E41AE5-344F-4D6C-BC79-E164EBF27D84}.Release|Any CPU.Build.0 = Release|Any CPU
		{DF83FE48-1CD3-48E0-973C-FD4F22364434}.Debug|Any CPU.ActiveCfg = Debug|Any CPU
		{DF83FE48-1CD3-48E0-973C-FD4F22364434}.Debug|Any CPU.Build.0 = Debug|Any CPU
		{DF83FE48-1CD3-48E0-973C-FD4F22364434}.Release|Any CPU.ActiveCfg = Release|Any CPU
		{DF83FE48-1CD3-48E0-973C-FD4F22364434}.Release|Any CPU.Build.0 = Release|Any CPU
		{A22167ED-CC3E-456C-B0A3-1192BAF71B38}.Debug|Any CPU.ActiveCfg = Debug|Any CPU
		{A22167ED-CC3E-456C-B0A3-1192BAF71B38}.Debug|Any CPU.Build.0 = Debug|Any CPU
		{A22167ED-CC3E-456C-B0A3-1192BAF71B38}.Release|Any CPU.ActiveCfg = Release|Any CPU
		{A22167ED-CC3E-456C-B0A3-1192BAF71B38}.Release|Any CPU.Build.0 = Release|Any CPU
		{65C1FA38-342E-4C5D-988D-F21A5B74E97E}.Debug|Any CPU.ActiveCfg = Debug|Any CPU
		{65C1FA38-342E-4C5D-988D-F21A5B74E97E}.Debug|Any CPU.Build.0 = Debug|Any CPU
		{65C1FA38-342E-4C5D-988D-F21A5B74E97E}.Release|Any CPU.ActiveCfg = Release|Any CPU
		{65C1FA38-342E-4C5D-988D-F21A5B74E97E}.Release|Any CPU.Build.0 = Release|Any CPU
		{8B03E3B8-FF0A-4908-880E-4D5AB2676182}.Debug|Any CPU.ActiveCfg = Debug|Any CPU
		{8B03E3B8-FF0A-4908-880E-4D5AB2676182}.Debug|Any CPU.Build.0 = Debug|Any CPU
		{8B03E3B8-FF0A-4908-880E-4D5AB2676182}.Release|Any CPU.ActiveCfg = Release|Any CPU
		{8B03E3B8-FF0A-4908-880E-4D5AB2676182}.Release|Any CPU.Build.0 = Release|Any CPU
		{201B3F36-ED06-4D3F-B791-F19577B562A0}.Debug|Any CPU.ActiveCfg = Debug|Any CPU
		{201B3F36-ED06-4D3F-B791-F19577B562A0}.Debug|Any CPU.Build.0 = Debug|Any CPU
		{201B3F36-ED06-4D3F-B791-F19577B562A0}.Release|Any CPU.ActiveCfg = Release|Any CPU
		{201B3F36-ED06-4D3F-B791-F19577B562A0}.Release|Any CPU.Build.0 = Release|Any CPU
	EndGlobalSection
	GlobalSection(SolutionProperties) = preSolution
		HideSolutionNode = FALSE
	EndGlobalSection
	GlobalSection(ExtensibilityGlobals) = postSolution
		SolutionGuid = {90765F4C-B1B7-41A9-84E1-6C06041748BF}
	EndGlobalSection
EndGlobal
